
Microsoft Visual Studio Solution File, Format Version 12.00
# Visual Studio 2015
Project("{FAE04EC0-301F-11D3-BF4B-00C04F79EFBC}") = "Unity Project (Related to CAVE)", "Unity Project (Related to CAVE).csproj", "{816DD81B-50E2-697F-8E08-53D26004027E}"
EndProject
Global
	GlobalSection(SolutionConfigurationPlatforms) = preSolution
		Debug|Any CPU = Debug|Any CPU
		Release|Any CPU = Release|Any CPU
	EndGlobalSection
	GlobalSection(ProjectConfigurationPlatforms) = postSolution
		{816DD81B-50E2-697F-8E08-53D26004027E}.Debug|Any CPU.ActiveCfg = Debug|Any CPU
		{816DD81B-50E2-697F-8E08-53D26004027E}.Debug|Any CPU.Build.0 = Debug|Any CPU
		{816DD81B-50E2-697F-8E08-53D26004027E}.Release|Any CPU.ActiveCfg = Release|Any CPU
		{816DD81B-50E2-697F-8E08-53D26004027E}.Release|Any CPU.Build.0 = Release|Any CPU
	EndGlobalSection
	GlobalSection(SolutionProperties) = preSolution
		HideSolutionNode = FALSE
	EndGlobalSection
EndGlobal
